{
  "name": "openlmis-requisition-ui",
  "version": "5.3.0-SNAPSHOT",
  "lockfileVersion": 2,
  "requires": true,
  "packages": {
    "": {
      "name": "openlmis-requisition-ui",
      "version": "5.3.0-SNAPSHOT",
      "hasInstallScript": true,
      "license": "AGPL-3.0",
      "devDependencies": {
        "dev-ui": "file:///dev-ui"
      }
    },
    "../../../dev-ui": {
      "dev": true
    },
    "node_modules/dev-ui": {
      "resolved": "../../../dev-ui",
      "link": true
    }
  },
  "dependencies": {
    "dev-ui": {
      "version": "file:../../../dev-ui"
    }
  }
}
